{
  "name": "js-algorithms",
  "version": "1.0.0",
  "lockfileVersion": 1,
  "requires": true,
  "dependencies": {
    "mzs-randomarray": {
      "version": "1.0.0",
      "resolved": "https://registry.npmjs.org/mzs-randomarray/-/mzs-randomarray-1.0.0.tgz",
      "integrity": "sha512-n+G33B3T5fYSFyUezOjF/dJSZA3HzRjC/XNlEK9Z2qhbfLgHpzgThoSYYxPFYjaNZMJGaYV/WkKimIotSlQLzg=="
    }
  }
}
